// !$*UTF8*$!
{
	archiveVersion = 1;
	classes = {
	};
	objectVersion = 50;
	objects = {

/* Begin PBXBuildFile section */
		7F3FD5DE245B34ED0000DB51 /* AppDelegate.swift in Sources */ = {isa = PBXBuildFile; fileRef = 7F3FD5DD245B34ED0000DB51 /* AppDelegate.swift */; };
		7F3FD5E0245B34ED0000DB51 /* MasterViewController.swift in Sources */ = {isa = PBXBuildFile; fileRef = 7F3FD5DF245B34ED0000DB51 /* MasterViewController.swift */; };
		7F3FD5E2245B34ED0000DB51 /* DetailViewController.swift in Sources */ = {isa = PBXBuildFile; fileRef = 7F3FD5E1245B34ED0000DB51 /* DetailViewController.swift */; };
		7F3FD5E5245B34ED0000DB51 /* Main.storyboard in Resources */ = {isa = PBXBuildFile; fileRef = 7F3FD5E3245B34ED0000DB51 /* Main.storyboard */; };
		7F3FD5E7245B34EE0000DB51 /* Assets.xcassets in Resources */ = {isa = PBXBuildFile; fileRef = 7F3FD5E6245B34EE0000DB51 /* Assets.xcassets */; };
		7F3FD5EA245B34EE0000DB51 /* LaunchScreen.storyboard in Resources */ = {isa = PBXBuildFile; fileRef = 7F3FD5E8245B34EE0000DB51 /* LaunchScreen.storyboard */; };
		7F749FCC246B9E1800839862 /* Images+Names+Colors.swift in Sources */ = {isa = PBXBuildFile; fileRef = 7F749FCB246B9E1800839862 /* Images+Names+Colors.swift */; };
/* End PBXBuildFile section */

/* Begin PBXFileReference section */
		7F3FD5DA245B34ED0000DB51 /* Splits.app */ = {isa = PBXFileReference; explicitFileType = wrapper.application; includeInIndex = 0; path = Splits.app; sourceTree = BUILT_PRODUCTS_DIR; };
		7F3FD5DD245B34ED0000DB51 /* AppDelegate.swift */ = {isa = PBXFileReference; lastKnownFileType = sourcecode.swift; path = AppDelegate.swift; sourceTree = "<group>"; };
		7F3FD5DF245B34ED0000DB51 /* MasterViewController.swift */ = {isa = PBXFileReference; lastKnownFileType = sourcecode.swift; path = MasterViewController.swift; sourceTree = "<group>"; };
		7F3FD5E1245B34ED0000DB51 /* DetailViewController.swift */ = {isa = PBXFileReference; lastKnownFileType = sourcecode.swift; path = DetailViewController.swift; sourceTree = "<group>"; };
		7F3FD5E4245B34ED0000DB51 /* Base */ = {isa = PBXFileReference; lastKnownFileType = file.storyboard; name = Base; path = Base.lproj/Main.storyboard; sourceTree = "<group>"; };
		7F3FD5E6245B34EE0000DB51 /* Assets.xcassets */ = {isa = PBXFileReference; lastKnownFileType = folder.assetcatalog; path = Assets.xcassets; sourceTree = "<group>"; };
		7F3FD5E9245B34EE0000DB51 /* Base */ = {isa = PBXFileReference; lastKnownFileType = file.storyboard; name = Base; path = Base.lproj/LaunchScreen.storyboard; sourceTree = "<group>"; };
		7F3FD5EB245B34EE0000DB51 /* Info.plist */ = {isa = PBXFileReference; lastKnownFileType = text.plist.xml; path = Info.plist; sourceTree = "<group>"; };
		7F749FCB246B9E1800839862 /* Images+Names+Colors.swift */ = {isa = PBXFileReference; lastKnownFileType = sourcecode.swift; path = "Images+Names+Colors.swift"; sourceTree = "<group>"; };
/* End PBXFileReference section */

/* Begin PBXFrameworksBuildPhase section */
		7F3FD5D7245B34ED0000DB51 /* Frameworks */ = {
			isa = PBXFrameworksBuildPhase;
			buildActionMask = 2147483647;
			files = (
			);
			runOnlyForDeploymentPostprocessing = 0;
		};
/* End PBXFrameworksBuildPhase section */

/* Begin PBXGroup section */
		7F3FD5D1245B34ED0000DB51 = {
			isa = PBXGroup;
			children = (
				7F3FD5DC245B34ED0000DB51 /* Splits */,
				7F3FD5DB245B34ED0000DB51 /* Products */,
			);
			sourceTree = "<group>";
		};
		7F3FD5DB245B34ED0000DB51 /* Products */ = {
			isa = PBXGroup;
			children = (
				7F3FD5DA245B34ED0000DB51 /* Splits.app */,
			);
			name = Products;
			sourceTree = "<group>";
		};
		7F3FD5DC245B34ED0000DB51 /* Splits */ = {
			isa = PBXGroup;
			children = (
				7F3FD5DD245B34ED0000DB51 /* AppDelegate.swift */,
				7F3FD5DF245B34ED0000DB51 /* MasterViewController.swift */,
				7F3FD5E1245B34ED0000DB51 /* DetailViewController.swift */,
				7F3FD5E3245B34ED0000DB51 /* Main.storyboard */,
				7F3FD5E6245B34EE0000DB51 /* Assets.xcassets */,
				7F3FD5E8245B34EE0000DB51 /* LaunchScreen.storyboard */,
				7F3FD5EB245B34EE0000DB51 /* Info.plist */,
				7F749FCB246B9E1800839862 /* Images+Names+Colors.swift */,
			);
			path = Splits;
			sourceTree = "<group>";
		};
/* End PBXGroup section */

/* Begin PBXNativeTarget section */
		7F3FD5D9245B34ED0000DB51 /* Splits */ = {
			isa = PBXNativeTarget;
			buildConfigurationList = 7F3FD5EE245B34EE0000DB51 /* Build configuration list for PBXNativeTarget "Splits" */;
			buildPhases = (
				7F3FD5D6245B34ED0000DB51 /* Sources */,
				7F3FD5D7245B34ED0000DB51 /* Frameworks */,
				7F3FD5D8245B34ED0000DB51 /* Resources */,
			);
			buildRules = (
			);
			dependencies = (
			);
			name = Splits;
			productName = Splits;
			productReference = 7F3FD5DA245B34ED0000DB51 /* Splits.app */;
			productType = "com.apple.product-type.application";
		};
/* End PBXNativeTarget section */

/* Begin PBXProject section */
		7F3FD5D2245B34ED0000DB51 /* Project object */ = {
			isa = PBXProject;
			attributes = {
				LastSwiftUpdateCheck = 0940;
				LastUpgradeCheck = 0940;
				ORGANIZATIONNAME = Gharib;
				TargetAttributes = {
					7F3FD5D9245B34ED0000DB51 = {
						CreatedOnToolsVersion = 9.4.1;
					};
				};
			};
			buildConfigurationList = 7F3FD5D5245B34ED0000DB51 /* Build configuration list for PBXProject "Splits" */;
			compatibilityVersion = "Xcode 9.3";
			developmentRegion = en;
			hasScannedForEncodings = 0;
			knownRegions = (
				en,
				Base,
			);
			mainGroup = 7F3FD5D1245B34ED0000DB51;
			productRefGroup = 7F3FD5DB245B34ED0000DB51 /* Products */;
			projectDirPath = "";
			projectRoot = "";
			targets = (
				7F3FD5D9245B34ED0000DB51 /* Splits */,
			);
		};
/* End PBXProject section */

/* Begin PBXResourcesBuildPhase section */
		7F3FD5D8245B34ED0000DB51 /* Resources */ = {
			isa = PBXResourcesBuildPhase;
			buildActionMask = 2147483647;
			files = (
				7F3FD5EA245B34EE0000DB51 /* LaunchScreen.storyboard in Resources */,
				7F3FD5E7245B34EE0000DB51 /* Assets.xcassets in Resources */,
				7F3FD5E5245B34ED0000DB51 /* Main.storyboard in Resources */,
			);
			runOnlyForDeploymentPostprocessing = 0;
		};
/* End PBXResourcesBuildPhase section */

/* Begin PBXSourcesBuildPhase section */
		7F3FD5D6245B34ED0000DB51 /* Sources */ = {
			isa = PBXSourcesBuildPhase;
			buildActionMask = 2147483647;
			files = (
				7F3FD5E2245B34ED0000DB51 /* DetailViewController.swift in Sources */,
				7F3FD5E0245B34ED0000DB51 /* MasterViewController.swift in Sources */,
				7F749FCC246B9E1800839862 /* Images+Names+Colors.swift in Sources */,
				7F3FD5DE245B34ED0000DB51 /* AppDelegate.swift in Sources */,
			);
			runOnlyForDeploymentPostprocessing = 0;
		};
/* End PBXSourcesBuildPhase section */

/* Begin PBXVariantGroup section */
		7F3FD5E3245B34ED0000DB51 /* Main.storyboard */ = {
			isa = PBXVariantGroup;
			children = (
				7F3FD5E4245B34ED0000DB51 /* Base */,
			);
			name = Main.storyboard;
			sourceTree = "<group>";
		};
		7F3FD5E8245B34EE0000DB51 /* LaunchScreen.storyboard */ = {
			isa = PBXVariantGroup;
			children = (
				7F3FD5E9245B34EE0000DB51 /* Base */,
			);
			name = LaunchScreen.storyboard;
			sourceTree = "<group>";
		};
/* End PBXVariantGroup section */

/* Begin XCBuildConfiguration section */
		7F3FD5EC245B34EE0000DB51 /* Debug */ = {
			isa = XCBuildConfiguration;
			buildSettings = {
				ALWAYS_SEARCH_USER_PATHS = NO;
				CLANG_ANALYZER_NONNULL = YES;
				CLANG_ANALYZER_NUMBER_OBJECT_CONVERSION = YES_AGGRESSIVE;
				CLANG_CXX_LANGUAGE_STANDARD = "gnu++14";
				CLANG_CXX_LIBRARY = "libc++";
				CLANG_ENABLE_MODULES = YES;
				CLANG_ENABLE_OBJC_ARC = YES;
				CLANG_ENABLE_OBJC_WEAK = YES;
				CLANG_WARN_BLOCK_CAPTURE_AUTORELEASING = YES;
				CLANG_WARN_BOOL_CONVERSION = YES;
				CLANG_WARN_COMMA = YES;
				CLANG_WARN_CONSTANT_CONVERSION = YES;
				CLANG_WARN_DEPRECATED_OBJC_IMPLEMENTATIONS = YES;
				CLANG_WARN_DIRECT_OBJC_ISA_USAGE = YES_ERROR;
				CLANG_WARN_DOCUMENTATION_COMMENTS = YES;
				CLANG_WARN_EMPTY_BODY = YES;
				CLANG_WARN_ENUM_CONVERSION = YES;
				CLANG_WARN_INFINITE_RECURSION = YES;
				CLANG_WARN_INT_CONVERSION = YES;
				CLANG_WARN_NON_LITERAL_NULL_CONVERSION = YES;
				CLANG_WARN_OBJC_IMPLICIT_RETAIN_SELF = YES;
				CLANG_WARN_OBJC_LITERAL_CONVERSION = YES;
				CLANG_WARN_OBJC_ROOT_CLASS = YES_ERROR;
				CLANG_WARN_RANGE_LOOP_ANALYSIS = YES;
				CLANG_WARN_STRICT_PROTOTYPES = YES;
				CLANG_WARN_SUSPICIOUS_MOVE = YES;
				CLANG_WARN_UNGUARDED_AVAILABILITY = YES_AGGRESSIVE;
				CLANG_WARN_UNREACHABLE_CODE = YES;
				CLANG_WARN__DUPLICATE_METHOD_MATCH = YES;
				CODE_SIGN_IDENTITY = "iPhone Developer";
				COPY_PHASE_STRIP = NO;
				DEBUG_INFORMATION_FORMAT = dwarf;
				ENABLE_STRICT_OBJC_MSGSEND = YES;
				ENABLE_TESTABILITY = YES;
				GCC_C_LANGUAGE_STANDARD = gnu11;
				GCC_DYNAMIC_NO_PIC = NO;
				GCC_NO_COMMON_BLOCKS = YES;
				GCC_OPTIMIZATION_LEVEL = 0;
				GCC_PREPROCESSOR_DEFINITIONS = (
					"DEBUG=1",
					"$(inherited)",
				);
				GCC_WARN_64_TO_32_BIT_CONVERSION = YES;
				GCC_WARN_ABOUT_RETURN_TYPE = YES_ERROR;
				GCC_WARN_UNDECLARED_SELECTOR = YES;
				GCC_WARN_UNINITIALIZED_AUTOS = YES_AGGRESSIVE;
				GCC_WARN_UNUSED_FUNCTION = YES;
				GCC_WARN_UNUSED_VARIABLE = YES;
				IPHONEOS_DEPLOYMENT_TARGET = 11.4;
				MTL_ENABLE_DEBUG_INFO = YES;
				ONLY_ACTIVE_ARCH = YES;
				SDKROOT = iphoneos;
				SWIFT_ACTIVE_COMPILATION_CONDITIONS = DEBUG;
				SWIFT_OPTIMIZATION_LEVEL = "-Onone";
			};
			name = Debug;
		};
		7F3FD5ED245B34EE0000DB51 /* Release */ = {
			isa = XCBuildConfiguration;
			buildSettings = {
				ALWAYS_SEARCH_USER_PATHS = NO;
				CLANG_ANALYZER_NONNULL = YES;
				CLANG_ANALYZER_NUMBER_OBJECT_CONVERSION = YES_AGGRESSIVE;
				CLANG_CXX_LANGUAGE_STANDARD = "gnu++14";
				CLANG_CXX_LIBRARY = "libc++";
				CLANG_ENABLE_MODULES = YES;
				CLANG_ENABLE_OBJC_ARC = YES;
				CLANG_ENABLE_OBJC_WEAK = YES;
				CLANG_WARN_BLOCK_CAPTURE_AUTORELEASING = YES;
				CLANG_WARN_BOOL_CONVERSION = YES;
				CLANG_WARN_COMMA = YES;
				CLANG_WARN_CONSTANT_CONVERSION = YES;
				CLANG_WARN_DEPRECATED_OBJC_IMPLEMENTATIONS = YES;
				CLANG_WARN_DIRECT_OBJC_ISA_USAGE = YES_ERROR;
				CLANG_WARN_DOCUMENTATION_COMMENTS = YES;
				CLANG_WARN_EMPTY_BODY = YES;
				CLANG_WARN_ENUM_CONVERSION = YES;
				CLANG_WARN_INFINITE_RECURSION = YES;
				CLANG_WARN_INT_CONVERSION = YES;
				CLANG_WARN_NON_LITERAL_NULL_CONVERSION = YES;
				CLANG_WARN_OBJC_IMPLICIT_RETAIN_SELF = YES;
				CLANG_WARN_OBJC_LITERAL_CONVERSION = YES;
				CLANG_WARN_OBJC_ROOT_CLASS = YES_ERROR;
				CLANG_WARN_RANGE_LOOP_ANALYSIS = YES;
				CLANG_WARN_STRICT_PROTOTYPES = YES;
				CLANG_WARN_SUSPICIOUS_MOVE = YES;
				CLANG_WARN_UNGUARDED_AVAILABILITY = YES_AGGRESSIVE;
				CLANG_WARN_UNREACHABLE_CODE = YES;
				CLANG_WARN__DUPLICATE_METHOD_MATCH = YES;
				CODE_SIGN_IDENTITY = "iPhone Developer";
				COPY_PHASE_STRIP = NO;
				DEBUG_INFORMATION_FORMAT = "dwarf-with-dsym";
				ENABLE_NS_ASSERTIONS = NO;
				ENABLE_STRICT_OBJC_MSGSEND = YES;
				GCC_C_LANGUAGE_STANDARD = gnu11;
				GCC_NO_COMMON_BLOCKS = YES;
				GCC_WARN_64_TO_32_BIT_CONVERSION = YES;
				GCC_WARN_ABOUT_RETURN_TYPE = YES_ERROR;
				GCC_WARN_UNDECLARED_SELECTOR = YES;
				GCC_WARN_UNINITIALIZED_AUTOS = YES_AGGRESSIVE;
				GCC_WARN_UNUSED_FUNCTION = YES;
				GCC_WARN_UNUSED_VARIABLE = YES;
				IPHONEOS_DEPLOYMENT_TARGET = 11.4;
				MTL_ENABLE_DEBUG_INFO = NO;
				SDKROOT = iphoneos;
				SWIFT_COMPILATION_MODE = wholemodule;
				SWIFT_OPTIMIZATION_LEVEL = "-O";
				VALIDATE_PRODUCT = YES;
			};
			name = Release;
		};
		7F3FD5EF245B34EE0000DB51 /* Debug */ = {
			isa = XCBuildConfiguration;
			buildSettings = {
				ASSETCATALOG_COMPILER_APPICON_NAME = AppIcon;
				CODE_SIGN_STYLE = Automatic;
				INFOPLIST_FILE = Splits/Info.plist;
				LD_RUNPATH_SEARCH_PATHS = (
					"$(inherited)",
					"@executable_path/Frameworks",
				);
				PRODUCT_BUNDLE_IDENTIFIER = islam.Splits;
				PRODUCT_NAME = "$(TARGET_NAME)";
				SWIFT_VERSION = 4.0;
				TARGETED_DEVICE_FAMILY = "1,2";
			};
			name = Debug;
		};
		7F3FD5F0245B34EE0000DB51 /* Release */ = {
			isa = XCBuildConfiguration;
			buildSettings = {
				ASSETCATALOG_COMPILER_APPICON_NAME = AppIcon;
				CODE_SIGN_STYLE = Automatic;
				INFOPLIST_FILE = Splits/Info.plist;
				LD_RUNPATH_SEARCH_PATHS = (
					"$(inherited)",
					"@executable_path/Frameworks",
				);
				PRODUCT_BUNDLE_IDENTIFIER = islam.Splits;
				PRODUCT_NAME = "$(TARGET_NAME)";
				SWIFT_VERSION = 4.0;
				TARGETED_DEVICE_FAMILY = "1,2";
			};
			name = Release;
		};
/* End XCBuildConfiguration section */

/* Begin XCConfigurationList section */
		7F3FD5D5245B34ED0000DB51 /* Build configuration list for PBXProject "Splits" */ = {
			isa = XCConfigurationList;
			buildConfigurations = (
				7F3FD5EC245B34EE0000DB51 /* Debug */,
				7F3FD5ED245B34EE0000DB51 /* Release */,
			);
			defaultConfigurationIsVisible = 0;
			defaultConfigurationName = Release;
		};
		7F3FD5EE245B34EE0000DB51 /* Build configuration list for PBXNativeTarget "Splits" */ = {
			isa = XCConfigurationList;
			buildConfigurations = (
				7F3FD5EF245B34EE0000DB51 /* Debug */,
				7F3FD5F0245B34EE0000DB51 /* Release */,
			);
			defaultConfigurationIsVisible = 0;
			defaultConfigurationName = Release;
		};
/* End XCConfigurationList section */
	};
	rootObject = 7F3FD5D2245B34ED0000DB51 /* Project object */;
}
